
Microsoft Visual Studio Solution File, Format Version 12.00
# Visual Studio Version 17
VisualStudioVersion = 17.4.33110.190
MinimumVisualStudioVersion = 10.0.40219.1
Project("{E24C65DC-7377-472B-9ABA-BC803B73C61A}") = "newb", ".", "{1B7FD295-A41B-4246-B969-4C7CDB23ED11}"
	ProjectSection(WebsiteProperties) = preProject
		TargetFrameworkMoniker = ".NETFramework,Version%3Dv4.8"
		Debug.AspNetCompiler.VirtualPath = "/localhost_55577"
		Debug.AspNetCompiler.PhysicalPath = "..\newb\"
		Debug.AspNetCompiler.TargetPath = "PrecompiledWeb\localhost_55577\"
		Debug.AspNetCompiler.Updateable = "true"
		Debug.AspNetCompiler.ForceOverwrite = "true"
		Debug.AspNetCompiler.FixedNames = "false"
		Debug.AspNetCompiler.Debug = "True"
		Release.AspNetCompiler.VirtualPath = "/localhost_55577"
		Release.AspNetCompiler.PhysicalPath = "..\newb\"
		Release.AspNetCompiler.TargetPath = "PrecompiledWeb\localhost_55577\"
		Release.AspNetCompiler.Updateable = "true"
		Release.AspNetCompiler.ForceOverwrite = "true"
		Release.AspNetCompiler.FixedNames = "false"
		Release.AspNetCompiler.Debug = "False"
		VWDPort = "55577"
		SlnRelativePath = "..\newb\"
	EndProjectSection
EndProject
Global
	GlobalSection(SolutionConfigurationPlatforms) = preSolution
		Debug|Any CPU = Debug|Any CPU
	EndGlobalSection
	GlobalSection(ProjectConfigurationPlatforms) = postSolution
		{1B7FD295-A41B-4246-B969-4C7CDB23ED11}.Debug|Any CPU.ActiveCfg = Debug|Any CPU
		{1B7FD295-A41B-4246-B969-4C7CDB23ED11}.Debug|Any CPU.Build.0 = Debug|Any CPU
	EndGlobalSection
	GlobalSection(SolutionProperties) = preSolution
		HideSolutionNode = FALSE
	EndGlobalSection
	GlobalSection(ExtensibilityGlobals) = postSolution
		SolutionGuid = {00F2BD03-A0A9-4F4B-BB64-24770EAADAF2}
	EndGlobalSection
EndGlobal
